Microsoft Visual Studio Solution File, Format Version 12.00
# Visual Studio Version 17
VisualStudioVersion = 17.5.2.0
MinimumVisualStudioVersion = 10.0.40219.1
Project("{FAE04EC0-301F-11D3-BF4B-00C04F79EFBC}") = "OrangeHRMAutomation_Demo", "OrangeHRMAutomation_Demo.csproj", "{1B4390CA-2FF7-0E44-C77C-C7B426C0FAF1}"
EndProject
Global
	GlobalSection(SolutionConfigurationPlatforms) = preSolution
		Debug|Any CPU = Debug|Any CPU
		Release|Any CPU = Release|Any CPU
	EndGlobalSection
	GlobalSection(ProjectConfigurationPlatforms) = postSolution
		{1B4390CA-2FF7-0E44-C77C-C7B426C0FAF1}.Debug|Any CPU.ActiveCfg = Debug|Any CPU
		{1B4390CA-2FF7-0E44-C77C-C7B426C0FAF1}.Debug|Any CPU.Build.0 = Debug|Any CPU
		{1B4390CA-2FF7-0E44-C77C-C7B426C0FAF1}.Release|Any CPU.ActiveCfg = Release|Any CPU
		{1B4390CA-2FF7-0E44-C77C-C7B426C0FAF1}.Release|Any CPU.Build.0 = Release|Any CPU
	EndGlobalSection
	GlobalSection(SolutionProperties) = preSolution
		HideSolutionNode = FALSE
	EndGlobalSection
	GlobalSection(ExtensibilityGlobals) = postSolution
		SolutionGuid = {69B44112-76AA-4865-B94E-CB33980C66C9}
	EndGlobalSection
EndGlobal
